// !$*UTF8*$!
{
	archiveVersion = 1;
	classes = {
	};
	objectVersion = 56;
	objects = {

/* Begin PBXBuildFile section */
		949F83B12B95ABB80020E183 /* Model.swift in Sources */ = {isa = PBXBuildFile; fileRef = 949F83B02B95ABB80020E183 /* Model.swift */; };
		949F83B32B95AE380020E183 /* DisplayProductDetailsViewController.swift in Sources */ = {isa = PBXBuildFile; fileRef = 949F83B22B95AE380020E183 /* DisplayProductDetailsViewController.swift */; };
		949F83B62B95AFF10020E183 /* productListTableViewCell.swift in Sources */ = {isa = PBXBuildFile; fileRef = 949F83B42B95AFF10020E183 /* productListTableViewCell.swift */; };
		949F83B72B95AFF10020E183 /* productListTableViewCell.xib in Resources */ = {isa = PBXBuildFile; fileRef = 949F83B52B95AFF10020E183 /* productListTableViewCell.xib */; };
		949F83BA2B95CBB60020E183 /* Kingfisher in Frameworks */ = {isa = PBXBuildFile; productRef = 949F83B92B95CBB60020E183 /* Kingfisher */; };
		949F83BD2B95EE780020E183 /* ProductCollectionViewCell.swift in Sources */ = {isa = PBXBuildFile; fileRef = 949F83BB2B95EE780020E183 /* ProductCollectionViewCell.swift */; };
		949F83BE2B95EE780020E183 /* ProductCollectionViewCell.xib in Resources */ = {isa = PBXBuildFile; fileRef = 949F83BC2B95EE780020E183 /* ProductCollectionViewCell.xib */; };
		94A73DE12B95A9DF006F5CCE /* AppDelegate.swift in Sources */ = {isa = PBXBuildFile; fileRef = 94A73DE02B95A9DF006F5CCE /* AppDelegate.swift */; };
		94A73DE32B95A9DF006F5CCE /* SceneDelegate.swift in Sources */ = {isa = PBXBuildFile; fileRef = 94A73DE22B95A9DF006F5CCE /* SceneDelegate.swift */; };
		94A73DE52B95A9DF006F5CCE /* ListOfProductViewController.swift in Sources */ = {isa = PBXBuildFile; fileRef = 94A73DE42B95A9DF006F5CCE /* ListOfProductViewController.swift */; };
		94A73DE82B95A9DF006F5CCE /* Main.storyboard in Resources */ = {isa = PBXBuildFile; fileRef = 94A73DE62B95A9DF006F5CCE /* Main.storyboard */; };
		94A73DEA2B95A9E0006F5CCE /* Assets.xcassets in Resources */ = {isa = PBXBuildFile; fileRef = 94A73DE92B95A9E0006F5CCE /* Assets.xcassets */; };
		94A73DED2B95A9E0006F5CCE /* LaunchScreen.storyboard in Resources */ = {isa = PBXBuildFile; fileRef = 94A73DEB2B95A9E0006F5CCE /* LaunchScreen.storyboard */; };
/* End PBXBuildFile section */

/* Begin PBXFileReference section */
		949F83B02B95ABB80020E183 /* Model.swift */ = {isa = PBXFileReference; lastKnownFileType = sourcecode.swift; path = Model.swift; sourceTree = "<group>"; };
		949F83B22B95AE380020E183 /* DisplayProductDetailsViewController.swift */ = {isa = PBXFileReference; lastKnownFileType = sourcecode.swift; path = DisplayProductDetailsViewController.swift; sourceTree = "<group>"; };
		949F83B42B95AFF10020E183 /* productListTableViewCell.swift */ = {isa = PBXFileReference; lastKnownFileType = sourcecode.swift; path = productListTableViewCell.swift; sourceTree = "<group>"; };
		949F83B52B95AFF10020E183 /* productListTableViewCell.xib */ = {isa = PBXFileReference; lastKnownFileType = file.xib; path = productListTableViewCell.xib; sourceTree = "<group>"; };
		949F83BB2B95EE780020E183 /* ProductCollectionViewCell.swift */ = {isa = PBXFileReference; lastKnownFileType = sourcecode.swift; path = ProductCollectionViewCell.swift; sourceTree = "<group>"; };
		949F83BC2B95EE780020E183 /* ProductCollectionViewCell.xib */ = {isa = PBXFileReference; lastKnownFileType = file.xib; path = ProductCollectionViewCell.xib; sourceTree = "<group>"; };
		94A73DDD2B95A9DF006F5CCE /* ProductAPI.app */ = {isa = PBXFileReference; explicitFileType = wrapper.application; includeInIndex = 0; path = ProductAPI.app; sourceTree = BUILT_PRODUCTS_DIR; };
		94A73DE02B95A9DF006F5CCE /* AppDelegate.swift */ = {isa = PBXFileReference; lastKnownFileType = sourcecode.swift; path = AppDelegate.swift; sourceTree = "<group>"; };
		94A73DE22B95A9DF006F5CCE /* SceneDelegate.swift */ = {isa = PBXFileReference; lastKnownFileType = sourcecode.swift; path = SceneDelegate.swift; sourceTree = "<group>"; };
		94A73DE42B95A9DF006F5CCE /* ListOfProductViewController.swift */ = {isa = PBXFileReference; lastKnownFileType = sourcecode.swift; path = ListOfProductViewController.swift; sourceTree = "<group>"; };
		94A73DE72B95A9DF006F5CCE /* Base */ = {isa = PBXFileReference; lastKnownFileType = file.storyboard; name = Base; path = Base.lproj/Main.storyboard; sourceTree = "<group>"; };
		94A73DE92B95A9E0006F5CCE /* Assets.xcassets */ = {isa = PBXFileReference; lastKnownFileType = folder.assetcatalog; path = Assets.xcassets; sourceTree = "<group>"; };
		94A73DEC2B95A9E0006F5CCE /* Base */ = {isa = PBXFileReference; lastKnownFileType = file.storyboard; name = Base; path = Base.lproj/LaunchScreen.storyboard; sourceTree = "<group>"; };
		94A73DEE2B95A9E0006F5CCE /* Info.plist */ = {isa = PBXFileReference; lastKnownFileType = text.plist.xml; path = Info.plist; sourceTree = "<group>"; };
/* End PBXFileReference section */

/* Begin PBXFrameworksBuildPhase section */
		94A73DDA2B95A9DF006F5CCE /* Frameworks */ = {
			isa = PBXFrameworksBuildPhase;
			buildActionMask = 2147483647;
			files = (
				949F83BA2B95CBB60020E183 /* Kingfisher in Frameworks */,
			);
			runOnlyForDeploymentPostprocessing = 0;
		};
/* End PBXFrameworksBuildPhase section */

/* Begin PBXGroup section */
		94A73DD42B95A9DF006F5CCE = {
			isa = PBXGroup;
			children = (
				94A73DDF2B95A9DF006F5CCE /* ProductAPI */,
				94A73DDE2B95A9DF006F5CCE /* Products */,
			);
			sourceTree = "<group>";
		};
		94A73DDE2B95A9DF006F5CCE /* Products */ = {
			isa = PBXGroup;
			children = (
				94A73DDD2B95A9DF006F5CCE /* ProductAPI.app */,
			);
			name = Products;
			sourceTree = "<group>";
		};
		94A73DDF2B95A9DF006F5CCE /* ProductAPI */ = {
			isa = PBXGroup;
			children = (
				94A73DF42B95AA17006F5CCE /* APPLICATION */,
				94A73DF52B95AA68006F5CCE /* MODEL */,
				94A73DF62B95AA77006F5CCE /* VIEW */,
				94A73DF72B95AA80006F5CCE /* CONTROLLER */,
				94A73DE92B95A9E0006F5CCE /* Assets.xcassets */,
				94A73DEB2B95A9E0006F5CCE /* LaunchScreen.storyboard */,
				94A73DEE2B95A9E0006F5CCE /* Info.plist */,
				949F83BB2B95EE780020E183 /* ProductCollectionViewCell.swift */,
				949F83BC2B95EE780020E183 /* ProductCollectionViewCell.xib */,
			);
			path = ProductAPI;
			sourceTree = "<group>";
		};
		94A73DF42B95AA17006F5CCE /* APPLICATION */ = {
			isa = PBXGroup;
			children = (
				94A73DE02B95A9DF006F5CCE /* AppDelegate.swift */,
				94A73DE22B95A9DF006F5CCE /* SceneDelegate.swift */,
			);
			path = APPLICATION;
			sourceTree = "<group>";
		};
		94A73DF52B95AA68006F5CCE /* MODEL */ = {
			isa = PBXGroup;
			children = (
				949F83B02B95ABB80020E183 /* Model.swift */,
			);
			path = MODEL;
			sourceTree = "<group>";
		};
		94A73DF62B95AA77006F5CCE /* VIEW */ = {
			isa = PBXGroup;
			children = (
				94A73DE62B95A9DF006F5CCE /* Main.storyboard */,
				949F83B52B95AFF10020E183 /* productListTableViewCell.xib */,
			);
			path = VIEW;
			sourceTree = "<group>";
		};
		94A73DF72B95AA80006F5CCE /* CONTROLLER */ = {
			isa = PBXGroup;
			children = (
				94A73DE42B95A9DF006F5CCE /* ListOfProductViewController.swift */,
				949F83B22B95AE380020E183 /* DisplayProductDetailsViewController.swift */,
				949F83B42B95AFF10020E183 /* productListTableViewCell.swift */,
			);
			path = CONTROLLER;
			sourceTree = "<group>";
		};
/* End PBXGroup section */

/* Begin PBXNativeTarget section */
		94A73DDC2B95A9DF006F5CCE /* ProductAPI */ = {
			isa = PBXNativeTarget;
			buildConfigurationList = 94A73DF12B95A9E0006F5CCE /* Build configuration list for PBXNativeTarget "ProductAPI" */;
			buildPhases = (
				94A73DD92B95A9DF006F5CCE /* Sources */,
				94A73DDA2B95A9DF006F5CCE /* Frameworks */,
				94A73DDB2B95A9DF006F5CCE /* Resources */,
			);
			buildRules = (
			);
			dependencies = (
			);
			name = ProductAPI;
			packageProductDependencies = (
				949F83B92B95CBB60020E183 /* Kingfisher */,
			);
			productName = ProductAPI;
			productReference = 94A73DDD2B95A9DF006F5CCE /* ProductAPI.app */;
			productType = "com.apple.product-type.application";
		};
/* End PBXNativeTarget section */

/* Begin PBXProject section */
		94A73DD52B95A9DF006F5CCE /* Project object */ = {
			isa = PBXProject;
			attributes = {
				BuildIndependentTargetsInParallel = 1;
				LastSwiftUpdateCheck = 1520;
				LastUpgradeCheck = 1520;
				TargetAttributes = {
					94A73DDC2B95A9DF006F5CCE = {
						CreatedOnToolsVersion = 15.2;
					};
				};
			};
			buildConfigurationList = 94A73DD82B95A9DF006F5CCE /* Build configuration list for PBXProject "ProductAPI" */;
			compatibilityVersion = "Xcode 14.0";
			developmentRegion = en;
			hasScannedForEncodings = 0;
			knownRegions = (
				en,
				Base,
			);
			mainGroup = 94A73DD42B95A9DF006F5CCE;
			packageReferences = (
				949F83B82B95CBB60020E183 /* XCRemoteSwiftPackageReference "Kingfisher" */,
			);
			productRefGroup = 94A73DDE2B95A9DF006F5CCE /* Products */;
			projectDirPath = "";
			projectRoot = "";
			targets = (
				94A73DDC2B95A9DF006F5CCE /* ProductAPI */,
			);
		};
/* End PBXProject section */

/* Begin PBXResourcesBuildPhase section */
		94A73DDB2B95A9DF006F5CCE /* Resources */ = {
			isa = PBXResourcesBuildPhase;
			buildActionMask = 2147483647;
			files = (
				94A73DED2B95A9E0006F5CCE /* LaunchScreen.storyboard in Resources */,
				949F83B72B95AFF10020E183 /* productListTableViewCell.xib in Resources */,
				949F83BE2B95EE780020E183 /* ProductCollectionViewCell.xib in Resources */,
				94A73DEA2B95A9E0006F5CCE /* Assets.xcassets in Resources */,
				94A73DE82B95A9DF006F5CCE /* Main.storyboard in Resources */,
			);
			runOnlyForDeploymentPostprocessing = 0;
		};
/* End PBXResourcesBuildPhase section */

/* Begin PBXSourcesBuildPhase section */
		94A73DD92B95A9DF006F5CCE /* Sources */ = {
			isa = PBXSourcesBuildPhase;
			buildActionMask = 2147483647;
			files = (
				94A73DE52B95A9DF006F5CCE /* ListOfProductViewController.swift in Sources */,
				949F83B62B95AFF10020E183 /* productListTableViewCell.swift in Sources */,
				949F83BD2B95EE780020E183 /* ProductCollectionViewCell.swift in Sources */,
				94A73DE12B95A9DF006F5CCE /* AppDelegate.swift in Sources */,
				94A73DE32B95A9DF006F5CCE /* SceneDelegate.swift in Sources */,
				949F83B32B95AE380020E183 /* DisplayProductDetailsViewController.swift in Sources */,
				949F83B12B95ABB80020E183 /* Model.swift in Sources */,
			);
			runOnlyForDeploymentPostprocessing = 0;
		};
/* End PBXSourcesBuildPhase section */

/* Begin PBXVariantGroup section */
		94A73DE62B95A9DF006F5CCE /* Main.storyboard */ = {
			isa = PBXVariantGroup;
			children = (
				94A73DE72B95A9DF006F5CCE /* Base */,
			);
			name = Main.storyboard;
			sourceTree = "<group>";
		};
		94A73DEB2B95A9E0006F5CCE /* LaunchScreen.storyboard */ = {
			isa = PBXVariantGroup;
			children = (
				94A73DEC2B95A9E0006F5CCE /* Base */,
			);
			name = LaunchScreen.storyboard;
			sourceTree = "<group>";
		};
/* End PBXVariantGroup section */

/* Begin XCBuildConfiguration section */
		94A73DEF2B95A9E0006F5CCE /* Debug */ = {
			isa = XCBuildConfiguration;
			buildSettings = {
				ALWAYS_SEARCH_USER_PATHS = NO;
				ASSETCATALOG_COMPILER_GENERATE_SWIFT_ASSET_SYMBOL_EXTENSIONS = YES;
				CLANG_ANALYZER_NONNULL = YES;
				CLANG_ANALYZER_NUMBER_OBJECT_CONVERSION = YES_AGGRESSIVE;
				CLANG_CXX_LANGUAGE_STANDARD = "gnu++20";
				CLANG_ENABLE_MODULES = YES;
				CLANG_ENABLE_OBJC_ARC = YES;
				CLANG_ENABLE_OBJC_WEAK = YES;
				CLANG_WARN_BLOCK_CAPTURE_AUTORELEASING = YES;
				CLANG_WARN_BOOL_CONVERSION = YES;
				CLANG_WARN_COMMA = YES;
				CLANG_WARN_CONSTANT_CONVERSION = YES;
				CLANG_WARN_DEPRECATED_OBJC_IMPLEMENTATIONS = YES;
				CLANG_WARN_DIRECT_OBJC_ISA_USAGE = YES_ERROR;
				CLANG_WARN_DOCUMENTATION_COMMENTS = YES;
				CLANG_WARN_EMPTY_BODY = YES;
				CLANG_WARN_ENUM_CONVERSION = YES;
				CLANG_WARN_INFINITE_RECURSION = YES;
				CLANG_WARN_INT_CONVERSION = YES;
				CLANG_WARN_NON_LITERAL_NULL_CONVERSION = YES;
				CLANG_WARN_OBJC_IMPLICIT_RETAIN_SELF = YES;
				CLANG_WARN_OBJC_LITERAL_CONVERSION = YES;
				CLANG_WARN_OBJC_ROOT_CLASS = YES_ERROR;
				CLANG_WARN_QUOTED_INCLUDE_IN_FRAMEWORK_HEADER = YES;
				CLANG_WARN_RANGE_LOOP_ANALYSIS = YES;
				CLANG_WARN_STRICT_PROTOTYPES = YES;
				CLANG_WARN_SUSPICIOUS_MOVE = YES;
				CLANG_WARN_UNGUARDED_AVAILABILITY = YES_AGGRESSIVE;
				CLANG_WARN_UNREACHABLE_CODE = YES;
				CLANG_WARN__DUPLICATE_METHOD_MATCH = YES;
				COPY_PHASE_STRIP = NO;
				DEBUG_INFORMATION_FORMAT = dwarf;
				ENABLE_STRICT_OBJC_MSGSEND = YES;
				ENABLE_TESTABILITY = YES;
				ENABLE_USER_SCRIPT_SANDBOXING = YES;
				GCC_C_LANGUAGE_STANDARD = gnu17;
				GCC_DYNAMIC_NO_PIC = NO;
				GCC_NO_COMMON_BLOCKS = YES;
				GCC_OPTIMIZATION_LEVEL = 0;
				GCC_PREPROCESSOR_DEFINITIONS = (
					"DEBUG=1",
					"$(inherited)",
				);
				GCC_WARN_64_TO_32_BIT_CONVERSION = YES;
				GCC_WARN_ABOUT_RETURN_TYPE = YES_ERROR;
				GCC_WARN_UNDECLARED_SELECTOR = YES;
				GCC_WARN_UNINITIALIZED_AUTOS = YES_AGGRESSIVE;
				GCC_WARN_UNUSED_FUNCTION = YES;
				GCC_WARN_UNUSED_VARIABLE = YES;
				IPHONEOS_DEPLOYMENT_TARGET = 17.2;
				LOCALIZATION_PREFERS_STRING_CATALOGS = YES;
				MTL_ENABLE_DEBUG_INFO = INCLUDE_SOURCE;
				MTL_FAST_MATH = YES;
				ONLY_ACTIVE_ARCH = YES;
				SDKROOT = iphoneos;
				SWIFT_ACTIVE_COMPILATION_CONDITIONS = "DEBUG $(inherited)";
				SWIFT_OPTIMIZATION_LEVEL = "-Onone";
			};
			name = Debug;
		};
		94A73DF02B95A9E0006F5CCE /* Release */ = {
			isa = XCBuildConfiguration;
			buildSettings = {
				ALWAYS_SEARCH_USER_PATHS = NO;
				ASSETCATALOG_COMPILER_GENERATE_SWIFT_ASSET_SYMBOL_EXTENSIONS = YES;
				CLANG_ANALYZER_NONNULL = YES;
				CLANG_ANALYZER_NUMBER_OBJECT_CONVERSION = YES_AGGRESSIVE;
				CLANG_CXX_LANGUAGE_STANDARD = "gnu++20";
				CLANG_ENABLE_MODULES = YES;
				CLANG_ENABLE_OBJC_ARC = YES;
				CLANG_ENABLE_OBJC_WEAK = YES;
				CLANG_WARN_BLOCK_CAPTURE_AUTORELEASING = YES;
				CLANG_WARN_BOOL_CONVERSION = YES;
				CLANG_WARN_COMMA = YES;
				CLANG_WARN_CONSTANT_CONVERSION = YES;
				CLANG_WARN_DEPRECATED_OBJC_IMPLEMENTATIONS = YES;
				CLANG_WARN_DIRECT_OBJC_ISA_USAGE = YES_ERROR;
				CLANG_WARN_DOCUMENTATION_COMMENTS = YES;
				CLANG_WARN_EMPTY_BODY = YES;
				CLANG_WARN_ENUM_CONVERSION = YES;
				CLANG_WARN_INFINITE_RECURSION = YES;
				CLANG_WARN_INT_CONVERSION = YES;
				CLANG_WARN_NON_LITERAL_NULL_CONVERSION = YES;
				CLANG_WARN_OBJC_IMPLICIT_RETAIN_SELF = YES;
				CLANG_WARN_OBJC_LITERAL_CONVERSION = YES;
				CLANG_WARN_OBJC_ROOT_CLASS = YES_ERROR;
				CLANG_WARN_QUOTED_INCLUDE_IN_FRAMEWORK_HEADER = YES;
				CLANG_WARN_RANGE_LOOP_ANALYSIS = YES;
				CLANG_WARN_STRICT_PROTOTYPES = YES;
				CLANG_WARN_SUSPICIOUS_MOVE = YES;
				CLANG_WARN_UNGUARDED_AVAILABILITY = YES_AGGRESSIVE;
				CLANG_WARN_UNREACHABLE_CODE = YES;
				CLANG_WARN__DUPLICATE_METHOD_MATCH = YES;
				COPY_PHASE_STRIP = NO;
				DEBUG_INFORMATION_FORMAT = "dwarf-with-dsym";
				ENABLE_NS_ASSERTIONS = NO;
				ENABLE_STRICT_OBJC_MSGSEND = YES;
				ENABLE_USER_SCRIPT_SANDBOXING = YES;
				GCC_C_LANGUAGE_STANDARD = gnu17;
				GCC_NO_COMMON_BLOCKS = YES;
				GCC_WARN_64_TO_32_BIT_CONVERSION = YES;
				GCC_WARN_ABOUT_RETURN_TYPE = YES_ERROR;
				GCC_WARN_UNDECLARED_SELECTOR = YES;
				GCC_WARN_UNINITIALIZED_AUTOS = YES_AGGRESSIVE;
				GCC_WARN_UNUSED_FUNCTION = YES;
				GCC_WARN_UNUSED_VARIABLE = YES;
				IPHONEOS_DEPLOYMENT_TARGET = 17.2;
				LOCALIZATION_PREFERS_STRING_CATALOGS = YES;
				MTL_ENABLE_DEBUG_INFO = NO;
				MTL_FAST_MATH = YES;
				SDKROOT = iphoneos;
				SWIFT_COMPILATION_MODE = wholemodule;
				VALIDATE_PRODUCT = YES;
			};
			name = Release;
		};
		94A73DF22B95A9E0006F5CCE /* Debug */ = {
			isa = XCBuildConfiguration;
			buildSettings = {
				ASSETCATALOG_COMPILER_APPICON_NAME = AppIcon;
				ASSETCATALOG_COMPILER_GLOBAL_ACCENT_COLOR_NAME = AccentColor;
				CODE_SIGN_STYLE = Automatic;
				CURRENT_PROJECT_VERSION = 1;
				GENERATE_INFOPLIST_FILE = YES;
				INFOPLIST_FILE = ProductAPI/Info.plist;
				INFOPLIST_KEY_UIApplicationSupportsIndirectInputEvents = YES;
				INFOPLIST_KEY_UILaunchStoryboardName = LaunchScreen;
				INFOPLIST_KEY_UIMainStoryboardFile = Main;
				INFOPLIST_KEY_UISupportedInterfaceOrientations_iPad = "UIInterfaceOrientationPortrait UIInterfaceOrientationPortraitUpsideDown UIInterfaceOrientationLandscapeLeft UIInterfaceOrientationLandscapeRight";
				INFOPLIST_KEY_UISupportedInterfaceOrientations_iPhone = "UIInterfaceOrientationPortrait UIInterfaceOrientationLandscapeLeft UIInterfaceOrientationLandscapeRight";
				LD_RUNPATH_SEARCH_PATHS = (
					"$(inherited)",
					"@executable_path/Frameworks",
				);
				MARKETING_VERSION = 1.0;
				PRODUCT_BUNDLE_IDENTIFIER = rakesh.ProductAPI;
				PRODUCT_NAME = "$(TARGET_NAME)";
				SWIFT_EMIT_LOC_STRINGS = YES;
				SWIFT_VERSION = 5.0;
				TARGETED_DEVICE_FAMILY = "1,2";
			};
			name = Debug;
		};
		94A73DF32B95A9E0006F5CCE /* Release */ = {
			isa = XCBuildConfiguration;
			buildSettings = {
				ASSETCATALOG_COMPILER_APPICON_NAME = AppIcon;
				ASSETCATALOG_COMPILER_GLOBAL_ACCENT_COLOR_NAME = AccentColor;
				CODE_SIGN_STYLE = Automatic;
				CURRENT_PROJECT_VERSION = 1;
				GENERATE_INFOPLIST_FILE = YES;
				INFOPLIST_FILE = ProductAPI/Info.plist;
				INFOPLIST_KEY_UIApplicationSupportsIndirectInputEvents = YES;
				INFOPLIST_KEY_UILaunchStoryboardName = LaunchScreen;
				INFOPLIST_KEY_UIMainStoryboardFile = Main;
				INFOPLIST_KEY_UISupportedInterfaceOrientations_iPad = "UIInterfaceOrientationPortrait UIInterfaceOrientationPortraitUpsideDown UIInterfaceOrientationLandscapeLeft UIInterfaceOrientationLandscapeRight";
				INFOPLIST_KEY_UISupportedInterfaceOrientations_iPhone = "UIInterfaceOrientationPortrait UIInterfaceOrientationLandscapeLeft UIInterfaceOrientationLandscapeRight";
				LD_RUNPATH_SEARCH_PATHS = (
					"$(inherited)",
					"@executable_path/Frameworks",
				);
				MARKETING_VERSION = 1.0;
				PRODUCT_BUNDLE_IDENTIFIER = rakesh.ProductAPI;
				PRODUCT_NAME = "$(TARGET_NAME)";
				SWIFT_EMIT_LOC_STRINGS = YES;
				SWIFT_VERSION = 5.0;
				TARGETED_DEVICE_FAMILY = "1,2";
			};
			name = Release;
		};
/* End XCBuildConfiguration section */

/* Begin XCConfigurationList section */
		94A73DD82B95A9DF006F5CCE /* Build configuration list for PBXProject "ProductAPI" */ = {
			isa = XCConfigurationList;
			buildConfigurations = (
				94A73DEF2B95A9E0006F5CCE /* Debug */,
				94A73DF02B95A9E0006F5CCE /* Release */,
			);
			defaultConfigurationIsVisible = 0;
			defaultConfigurationName = Release;
		};
		94A73DF12B95A9E0006F5CCE /* Build configuration list for PBXNativeTarget "ProductAPI" */ = {
			isa = XCConfigurationList;
			buildConfigurations = (
				94A73DF22B95A9E0006F5CCE /* Debug */,
				94A73DF32B95A9E0006F5CCE /* Release */,
			);
			defaultConfigurationIsVisible = 0;
			defaultConfigurationName = Release;
		};
/* End XCConfigurationList section */

/* Begin XCRemoteSwiftPackageReference section */
		949F83B82B95CBB60020E183 /* XCRemoteSwiftPackageReference "Kingfisher" */ = {
			isa = XCRemoteSwiftPackageReference;
			repositoryURL = "https://github.com/onevcat/Kingfisher.git";
			requirement = {
				kind = upToNextMajorVersion;
				minimumVersion = 7.11.0;
			};
		};
/* End XCRemoteSwiftPackageReference section */

/* Begin XCSwiftPackageProductDependency section */
		949F83B92B95CBB60020E183 /* Kingfisher */ = {
			isa = XCSwiftPackageProductDependency;
			package = 949F83B82B95CBB60020E183 /* XCRemoteSwiftPackageReference "Kingfisher" */;
			productName = Kingfisher;
		};
/* End XCSwiftPackageProductDependency section */
	};
	rootObject = 94A73DD52B95A9DF006F5CCE /* Project object */;
}
